
Microsoft Visual Studio Solution File, Format Version 12.00
# Visual Studio Version 17
VisualStudioVersion = 17.14.36811.4 d17.14
MinimumVisualStudioVersion = 10.0.40219.1
Project("{FAE04EC0-301F-11D3-BF4B-00C04F79EFBC}") = "HRM.Models", "HRM.Models\HRM.Models.csproj", "{344E91DB-9AFE-4485-9A0C-897F4E7B2694}"
EndProject
Project("{FAE04EC0-301F-11D3-BF4B-00C04F79EFBC}") = "HRM.DataAccess", "HRM.DataAccess\HRM.DataAccess.csproj", "{2BD2A869-065A-4C3F-9E49-A0DEFEED8E6D}"
EndProject
Project("{FAE04EC0-301F-11D3-BF4B-00C04F79EFBC}") = "HRM.Business", "HRM.Business\HRM.Business.csproj", "{238C5CB4-E739-4F7E-9C35-60FCE067F591}"
EndProject
Project("{FAE04EC0-301F-11D3-BF4B-00C04F79EFBC}") = "HRM.MVC", "HRM.MVC\HRM.MVC.csproj", "{5E881BBC-BD61-4970-84BC-D7D90A37640B}"
EndProject
Project("{FAE04EC0-301F-11D3-BF4B-00C04F79EFBC}") = "HRM.API", "HRM.API\HRM.API.csproj", "{94D0D965-E823-4488-B5A4-2FAB8E8D9D63}"
EndProject
Project("{FAE04EC0-301F-11D3-BF4B-00C04F79EFBC}") = "HRM.Repositories", "HRM.Repositories\HRM.Repositories.csproj", "{CE3B24DE-91BC-4017-9BE6-E42CA2C9D135}"
EndProject
Global
	GlobalSection(SolutionConfigurationPlatforms) = preSolution
		Debug|Any CPU = Debug|Any CPU
		Release|Any CPU = Release|Any CPU
	EndGlobalSection
	GlobalSection(ProjectConfigurationPlatforms) = postSolution
		{344E91DB-9AFE-4485-9A0C-897F4E7B2694}.Debug|Any CPU.ActiveCfg = Debug|Any CPU
		{344E91DB-9AFE-4485-9A0C-897F4E7B2694}.Debug|Any CPU.Build.0 = Debug|Any CPU
		{344E91DB-9AFE-4485-9A0C-897F4E7B2694}.Release|Any CPU.ActiveCfg = Release|Any CPU
		{344E91DB-9AFE-4485-9A0C-897F4E7B2694}.Release|Any CPU.Build.0 = Release|Any CPU
		{2BD2A869-065A-4C3F-9E49-A0DEFEED8E6D}.Debug|Any CPU.ActiveCfg = Debug|Any CPU
		{2BD2A869-065A-4C3F-9E49-A0DEFEED8E6D}.Debug|Any CPU.Build.0 = Debug|Any CPU
		{2BD2A869-065A-4C3F-9E49-A0DEFEED8E6D}.Release|Any CPU.ActiveCfg = Release|Any CPU
		{2BD2A869-065A-4C3F-9E49-A0DEFEED8E6D}.Release|Any CPU.Build.0 = Release|Any CPU
		{238C5CB4-E739-4F7E-9C35-60FCE067F591}.Debug|Any CPU.ActiveCfg = Debug|Any CPU
		{238C5CB4-E739-4F7E-9C35-60FCE067F591}.Debug|Any CPU.Build.0 = Debug|Any CPU
		{238C5CB4-E739-4F7E-9C35-60FCE067F591}.Release|Any CPU.ActiveCfg = Release|Any CPU
		{238C5CB4-E739-4F7E-9C35-60FCE067F591}.Release|Any CPU.Build.0 = Release|Any CPU
		{5E881BBC-BD61-4970-84BC-D7D90A37640B}.Debug|Any CPU.ActiveCfg = Debug|Any CPU
		{5E881BBC-BD61-4970-84BC-D7D90A37640B}.Debug|Any CPU.Build.0 = Debug|Any CPU
		{5E881BBC-BD61-4970-84BC-D7D90A37640B}.Release|Any CPU.ActiveCfg = Release|Any CPU
		{5E881BBC-BD61-4970-84BC-D7D90A37640B}.Release|Any CPU.Build.0 = Release|Any CPU
		{94D0D965-E823-4488-B5A4-2FAB8E8D9D63}.Debug|Any CPU.ActiveCfg = Debug|Any CPU
		{94D0D965-E823-4488-B5A4-2FAB8E8D9D63}.Debug|Any CPU.Build.0 = Debug|Any CPU
		{94D0D965-E823-4488-B5A4-2FAB8E8D9D63}.Release|Any CPU.ActiveCfg = Release|Any CPU
		{94D0D965-E823-4488-B5A4-2FAB8E8D9D63}.Release|Any CPU.Build.0 = Release|Any CPU
		{CE3B24DE-91BC-4017-9BE6-E42CA2C9D135}.Debug|Any CPU.ActiveCfg = Debug|Any CPU
		{CE3B24DE-91BC-4017-9BE6-E42CA2C9D135}.Debug|Any CPU.Build.0 = Debug|Any CPU
		{CE3B24DE-91BC-4017-9BE6-E42CA2C9D135}.Release|Any CPU.ActiveCfg = Release|Any CPU
		{CE3B24DE-91BC-4017-9BE6-E42CA2C9D135}.Release|Any CPU.Build.0 = Release|Any CPU
	EndGlobalSection
	GlobalSection(SolutionProperties) = preSolution
		HideSolutionNode = FALSE
	EndGlobalSection
	GlobalSection(ExtensibilityGlobals) = postSolution
		SolutionGuid = {B89FE79E-571C-4D07-BCB9-AF4AF7D0E3DC}
	EndGlobalSection
EndGlobal
